
Microsoft Visual Studio Solution File, Format Version 12.00
# Visual Studio Version 16
VisualStudioVersion = 16.0.31624.102
MinimumVisualStudioVersion = 10.0.40219.1
Project("{FAE04EC0-301F-11D3-BF4B-00C04F79EFBC}") = "ConsoleApp2", "ConsoleApp2.csproj", "{58A780FE-FE4A-47D7-A8DF-16AE70C93154}"
EndProject
Global
	GlobalSection(SolutionConfigurationPlatforms) = preSolution
		Debug|Any CPU = Debug|Any CPU
		Release|Any CPU = Release|Any CPU
	EndGlobalSection
	GlobalSection(ProjectConfigurationPlatforms) = postSolution
		{58A780FE-FE4A-47D7-A8DF-16AE70C93154}.Debug|Any CPU.ActiveCfg = Debug|Any CPU
		{58A780FE-FE4A-47D7-A8DF-16AE70C93154}.Debug|Any CPU.Build.0 = Debug|Any CPU
		{58A780FE-FE4A-47D7-A8DF-16AE70C93154}.Release|Any CPU.ActiveCfg = Release|Any CPU
		{58A780FE-FE4A-47D7-A8DF-16AE70C93154}.Release|Any CPU.Build.0 = Release|Any CPU
	EndGlobalSection
	GlobalSection(SolutionProperties) = preSolution
		HideSolutionNode = FALSE
	EndGlobalSection
	GlobalSection(ExtensibilityGlobals) = postSolution
		SolutionGuid = {3A87A9CF-3A39-4234-ACF6-B2D79F15385E}
	EndGlobalSection
EndGlobal
